
Microsoft Visual Studio Solution File, Format Version 12.00
# Visual Studio Version 17
VisualStudioVersion = 17.8.34309.116
MinimumVisualStudioVersion = 10.0.40219.1
Project("{FAE04EC0-301F-11D3-BF4B-00C04F79EFBC}") = "shelter", "shelter\shelter.csproj", "{CE72B785-7101-4C0D-8792-6B3E41FB0A2D}"
EndProject
Global
	GlobalSection(SolutionConfigurationPlatforms) = preSolution
		Debug|Any CPU = Debug|Any CPU
		Release|Any CPU = Release|Any CPU
	EndGlobalSection
	GlobalSection(ProjectConfigurationPlatforms) = postSolution
		{CE72B785-7101-4C0D-8792-6B3E41FB0A2D}.Debug|Any CPU.ActiveCfg = Debug|Any CPU
		{CE72B785-7101-4C0D-8792-6B3E41FB0A2D}.Debug|Any CPU.Build.0 = Debug|Any CPU
		{CE72B785-7101-4C0D-8792-6B3E41FB0A2D}.Release|Any CPU.ActiveCfg = Release|Any CPU
		{CE72B785-7101-4C0D-8792-6B3E41FB0A2D}.Release|Any CPU.Build.0 = Release|Any CPU
	EndGlobalSection
	GlobalSection(SolutionProperties) = preSolution
		HideSolutionNode = FALSE
	EndGlobalSection
	GlobalSection(ExtensibilityGlobals) = postSolution
		SolutionGuid = {F1F3FF2F-8EA0-4113-9CC5-341472D4E69B}
	EndGlobalSection
EndGlobal
